// !$*UTF8*$!
{
	archiveVersion = 1;
	classes = {
	};
	objectVersion = 55;
	objects = {

/* Begin PBXBuildFile section */
		0B1603EF28A3BC42008B6508 /* ResponseViewController.swift in Sources */ = {isa = PBXBuildFile; fileRef = 0B1603EE28A3BC42008B6508 /* ResponseViewController.swift */; };
		0B3A6AD6288887CC0081F4D8 /* SceneDelegate.swift in Sources */ = {isa = PBXBuildFile; fileRef = 0B3A6AD5288887CC0081F4D8 /* SceneDelegate.swift */; };
		0B3A6AD8288887CC0081F4D8 /* StartViewController.swift in Sources */ = {isa = PBXBuildFile; fileRef = 0B3A6AD7288887CC0081F4D8 /* StartViewController.swift */; };
		0B3A6ADB288887CC0081F4D8 /* Main.storyboard in Resources */ = {isa = PBXBuildFile; fileRef = 0B3A6AD9288887CC0081F4D8 /* Main.storyboard */; };
		0B3A6ADD288887CC0081F4D8 /* Assets.xcassets in Resources */ = {isa = PBXBuildFile; fileRef = 0B3A6ADC288887CC0081F4D8 /* Assets.xcassets */; };
		0B3A6AE0288887CC0081F4D8 /* LaunchScreen.storyboard in Resources */ = {isa = PBXBuildFile; fileRef = 0B3A6ADE288887CC0081F4D8 /* LaunchScreen.storyboard */; };
		0B3A6AEB288887CD0081F4D8 /* loginPageTests.swift in Sources */ = {isa = PBXBuildFile; fileRef = 0B3A6AEA288887CD0081F4D8 /* loginPageTests.swift */; };
		0B3A6AF5288887CD0081F4D8 /* loginPageUITests.swift in Sources */ = {isa = PBXBuildFile; fileRef = 0B3A6AF4288887CD0081F4D8 /* loginPageUITests.swift */; };
		0B3A6AF7288887CD0081F4D8 /* loginPageUITestsLaunchTests.swift in Sources */ = {isa = PBXBuildFile; fileRef = 0B3A6AF6288887CD0081F4D8 /* loginPageUITestsLaunchTests.swift */; };
		0B4205CC28D34A2C008F3850 /* Kingfisher in Frameworks */ = {isa = PBXBuildFile; productRef = 0B4205CB28D34A2C008F3850 /* Kingfisher */; };
		0BC6F19B28ACC88F004917AB /* CustomTableViewCell.swift in Sources */ = {isa = PBXBuildFile; fileRef = 0BC6F19A28ACC88F004917AB /* CustomTableViewCell.swift */; };
		0BC6F19D28ACCE8A004917AB /* StreamingViewController.swift in Sources */ = {isa = PBXBuildFile; fileRef = 0BC6F19C28ACCE8A004917AB /* StreamingViewController.swift */; };
		0BCF2498289D155E00CD99B8 /* AppDelegate.swift in Sources */ = {isa = PBXBuildFile; fileRef = 0B3A6AD3288887CC0081F4D8 /* AppDelegate.swift */; };
		0BCFAEE028B2B12F00218CB5 /* Sw-Proxima-Nova.otf in Resources */ = {isa = PBXBuildFile; fileRef = 0BCFAEDF28B2B12F00218CB5 /* Sw-Proxima-Nova.otf */; };
		0BCFAEE228B2B25700218CB5 /* Sw-Poppins-Regular.ttf in Resources */ = {isa = PBXBuildFile; fileRef = 0BCFAEE128B2B25700218CB5 /* Sw-Poppins-Regular.ttf */; };
		0BCFAEE428B2B26200218CB5 /* Sw-Poppins-SemiBold.ttf in Resources */ = {isa = PBXBuildFile; fileRef = 0BCFAEE328B2B26200218CB5 /* Sw-Poppins-SemiBold.ttf */; };
		0BCFAEE628B2B2CF00218CB5 /* Sw-Poppins-Medium.ttf in Resources */ = {isa = PBXBuildFile; fileRef = 0BCFAEE528B2B2CF00218CB5 /* Sw-Poppins-Medium.ttf */; };
		0BE2AECD289CB92200827A79 /* LoginViewController.swift in Sources */ = {isa = PBXBuildFile; fileRef = 0BE2AECC289CB92200827A79 /* LoginViewController.swift */; };
		0BF2A3ED28CE10FC00BDA84C /* helper.swift in Sources */ = {isa = PBXBuildFile; fileRef = 0BF2A3EC28CE10FC00BDA84C /* helper.swift */; };
		0BF2A3F028CECFC500BDA84C /* CollectionViewCell.swift in Sources */ = {isa = PBXBuildFile; fileRef = 0BF2A3EF28CECFC500BDA84C /* CollectionViewCell.swift */; };
		0BF2A3F228CEE08800BDA84C /* LiveViewController.swift in Sources */ = {isa = PBXBuildFile; fileRef = 0BF2A3F128CEE08800BDA84C /* LiveViewController.swift */; };
		0BF2A3F428CEE10D00BDA84C /* LiveCollectionViewCell.swift in Sources */ = {isa = PBXBuildFile; fileRef = 0BF2A3F328CEE10D00BDA84C /* LiveCollectionViewCell.swift */; };
		0BF3D32428A0376B0069CD28 /* SignUpViewController.swift in Sources */ = {isa = PBXBuildFile; fileRef = 0BF3D32328A0376B0069CD28 /* SignUpViewController.swift */; };
		0BF3D32E28A11A770069CD28 /* Sw-Inter-Medium.ttf in Resources */ = {isa = PBXBuildFile; fileRef = 0BF3D32528A11A770069CD28 /* Sw-Inter-Medium.ttf */; };
		0BF3D32F28A11A770069CD28 /* Sw-Inter-Black.ttf in Resources */ = {isa = PBXBuildFile; fileRef = 0BF3D32628A11A770069CD28 /* Sw-Inter-Black.ttf */; };
		0BF3D33028A11A770069CD28 /* Sw-Inter-ExtraLight.ttf in Resources */ = {isa = PBXBuildFile; fileRef = 0BF3D32728A11A770069CD28 /* Sw-Inter-ExtraLight.ttf */; };
		0BF3D33128A11A770069CD28 /* Sw-Inter-SemiBold.ttf in Resources */ = {isa = PBXBuildFile; fileRef = 0BF3D32828A11A770069CD28 /* Sw-Inter-SemiBold.ttf */; };
		0BF3D33228A11A770069CD28 /* Sw-Inter-Thin.ttf in Resources */ = {isa = PBXBuildFile; fileRef = 0BF3D32928A11A770069CD28 /* Sw-Inter-Thin.ttf */; };
		0BF3D33328A11A770069CD28 /* Sw-Inter-Light.ttf in Resources */ = {isa = PBXBuildFile; fileRef = 0BF3D32A28A11A770069CD28 /* Sw-Inter-Light.ttf */; };
		0BF3D33428A11A770069CD28 /* Sw-Inter-Bold.ttf in Resources */ = {isa = PBXBuildFile; fileRef = 0BF3D32B28A11A770069CD28 /* Sw-Inter-Bold.ttf */; };
		0BF3D33528A11A770069CD28 /* Sw-Inter-ExtraBold.ttf in Resources */ = {isa = PBXBuildFile; fileRef = 0BF3D32C28A11A770069CD28 /* Sw-Inter-ExtraBold.ttf */; };
		0BF3D33628A11A770069CD28 /* Sw-Inter-Regular.ttf in Resources */ = {isa = PBXBuildFile; fileRef = 0BF3D32D28A11A770069CD28 /* Sw-Inter-Regular.ttf */; };
		0BFBAB2528C4FE6200ABCD67 /* RankingViewController.swift in Sources */ = {isa = PBXBuildFile; fileRef = 0BFBAB2428C4FE6200ABCD67 /* RankingViewController.swift */; };
		302A6793B0516C170583D39B /* Pods_loginPage_loginPageUITests.framework in Frameworks */ = {isa = PBXBuildFile; fileRef = CA681218B267D859333C456E /* Pods_loginPage_loginPageUITests.framework */; };
		6696A5D1F310C782AF5CCCEF /* Pods_loginPageTests.framework in Frameworks */ = {isa = PBXBuildFile; fileRef = F3871B3177806CF509CE2BE9 /* Pods_loginPageTests.framework */; };
		A80216DF0884FEB1F945AF0B /* Pods_loginPage.framework in Frameworks */ = {isa = PBXBuildFile; fileRef = E8DBE04272132C5DA598BA9E /* Pods_loginPage.framework */; };
/* End PBXBuildFile section */

/* Begin PBXContainerItemProxy section */
		0B3A6AE7288887CD0081F4D8 /* PBXContainerItemProxy */ = {
			isa = PBXContainerItemProxy;
			containerPortal = 0B3A6AC8288887CC0081F4D8 /* Project object */;
			proxyType = 1;
			remoteGlobalIDString = 0B3A6ACF288887CC0081F4D8;
			remoteInfo = loginPage;
		};
		0B3A6AF1288887CD0081F4D8 /* PBXContainerItemProxy */ = {
			isa = PBXContainerItemProxy;
			containerPortal = 0B3A6AC8288887CC0081F4D8 /* Project object */;
			proxyType = 1;
			remoteGlobalIDString = 0B3A6ACF288887CC0081F4D8;
			remoteInfo = loginPage;
		};
/* End PBXContainerItemProxy section */

/* Begin PBXFileReference section */
		0B1603EE28A3BC42008B6508 /* ResponseViewController.swift */ = {isa = PBXFileReference; lastKnownFileType = sourcecode.swift; path = ResponseViewController.swift; sourceTree = "<group>"; };
		0B1603F228A3CA2C008B6508 /* Sw-Inder-Regular.ttf */ = {isa = PBXFileReference; lastKnownFileType = file; path = "Sw-Inder-Regular.ttf"; sourceTree = "<group>"; };
		0B3A6AD0288887CC0081F4D8 /* loginPage.app */ = {isa = PBXFileReference; explicitFileType = wrapper.application; includeInIndex = 0; path = loginPage.app; sourceTree = BUILT_PRODUCTS_DIR; };
		0B3A6AD3288887CC0081F4D8 /* AppDelegate.swift */ = {isa = PBXFileReference; lastKnownFileType = sourcecode.swift; path = AppDelegate.swift; sourceTree = "<group>"; };
		0B3A6AD5288887CC0081F4D8 /* SceneDelegate.swift */ = {isa = PBXFileReference; lastKnownFileType = sourcecode.swift; path = SceneDelegate.swift; sourceTree = "<group>"; };
		0B3A6AD7288887CC0081F4D8 /* StartViewController.swift */ = {isa = PBXFileReference; lastKnownFileType = sourcecode.swift; path = StartViewController.swift; sourceTree = "<group>"; };
		0B3A6ADA288887CC0081F4D8 /* Base */ = {isa = PBXFileReference; lastKnownFileType = file.storyboard; name = Base; path = Base.lproj/Main.storyboard; sourceTree = "<group>"; };
		0B3A6ADC288887CC0081F4D8 /* Assets.xcassets */ = {isa = PBXFileReference; lastKnownFileType = folder.assetcatalog; path = Assets.xcassets; sourceTree = "<group>"; };
		0B3A6ADF288887CC0081F4D8 /* Base */ = {isa = PBXFileReference; lastKnownFileType = file.storyboard; name = Base; path = Base.lproj/LaunchScreen.storyboard; sourceTree = "<group>"; };
		0B3A6AE1288887CC0081F4D8 /* Info.plist */ = {isa = PBXFileReference; lastKnownFileType = text.plist.xml; path = Info.plist; sourceTree = "<group>"; };
		0B3A6AE6288887CD0081F4D8 /* loginPageTests.xctest */ = {isa = PBXFileReference; explicitFileType = wrapper.cfbundle; includeInIndex = 0; path = loginPageTests.xctest; sourceTree = BUILT_PRODUCTS_DIR; };
		0B3A6AEA288887CD0081F4D8 /* loginPageTests.swift */ = {isa = PBXFileReference; lastKnownFileType = sourcecode.swift; path = loginPageTests.swift; sourceTree = "<group>"; };
		0B3A6AF0288887CD0081F4D8 /* loginPageUITests.xctest */ = {isa = PBXFileReference; explicitFileType = wrapper.cfbundle; includeInIndex = 0; path = loginPageUITests.xctest; sourceTree = BUILT_PRODUCTS_DIR; };
		0B3A6AF4288887CD0081F4D8 /* loginPageUITests.swift */ = {isa = PBXFileReference; lastKnownFileType = sourcecode.swift; path = loginPageUITests.swift; sourceTree = "<group>"; };
		0B3A6AF6288887CD0081F4D8 /* loginPageUITestsLaunchTests.swift */ = {isa = PBXFileReference; lastKnownFileType = sourcecode.swift; path = loginPageUITestsLaunchTests.swift; sourceTree = "<group>"; };
		0BC6F19A28ACC88F004917AB /* CustomTableViewCell.swift */ = {isa = PBXFileReference; lastKnownFileType = sourcecode.swift; path = CustomTableViewCell.swift; sourceTree = "<group>"; };
		0BC6F19C28ACCE8A004917AB /* StreamingViewController.swift */ = {isa = PBXFileReference; lastKnownFileType = sourcecode.swift; path = StreamingViewController.swift; sourceTree = "<group>"; };
		0BCFAEDF28B2B12F00218CB5 /* Sw-Proxima-Nova.otf */ = {isa = PBXFileReference; lastKnownFileType = file; path = "Sw-Proxima-Nova.otf"; sourceTree = "<group>"; };
		0BCFAEE128B2B25700218CB5 /* Sw-Poppins-Regular.ttf */ = {isa = PBXFileReference; lastKnownFileType = file; path = "Sw-Poppins-Regular.ttf"; sourceTree = "<group>"; };
		0BCFAEE328B2B26200218CB5 /* Sw-Poppins-SemiBold.ttf */ = {isa = PBXFileReference; lastKnownFileType = file; path = "Sw-Poppins-SemiBold.ttf"; sourceTree = "<group>"; };
		0BCFAEE528B2B2CF00218CB5 /* Sw-Poppins-Medium.ttf */ = {isa = PBXFileReference; lastKnownFileType = file; path = "Sw-Poppins-Medium.ttf"; sourceTree = "<group>"; };
		0BE2AECC289CB92200827A79 /* LoginViewController.swift */ = {isa = PBXFileReference; lastKnownFileType = sourcecode.swift; path = LoginViewController.swift; sourceTree = "<group>"; };
		0BF2A3EC28CE10FC00BDA84C /* helper.swift */ = {isa = PBXFileReference; lastKnownFileType = sourcecode.swift; path = helper.swift; sourceTree = "<group>"; };
		0BF2A3EF28CECFC500BDA84C /* CollectionViewCell.swift */ = {isa = PBXFileReference; lastKnownFileType = sourcecode.swift; path = CollectionViewCell.swift; sourceTree = "<group>"; };
		0BF2A3F128CEE08800BDA84C /* LiveViewController.swift */ = {isa = PBXFileReference; lastKnownFileType = sourcecode.swift; path = LiveViewController.swift; sourceTree = "<group>"; };
		0BF2A3F328CEE10D00BDA84C /* LiveCollectionViewCell.swift */ = {isa = PBXFileReference; lastKnownFileType = sourcecode.swift; path = LiveCollectionViewCell.swift; sourceTree = "<group>"; };
		0BF3D32328A0376B0069CD28 /* SignUpViewController.swift */ = {isa = PBXFileReference; lastKnownFileType = sourcecode.swift; path = SignUpViewController.swift; sourceTree = "<group>"; };
		0BF3D32528A11A770069CD28 /* Sw-Inter-Medium.ttf */ = {isa = PBXFileReference; lastKnownFileType = file; path = "Sw-Inter-Medium.ttf"; sourceTree = "<group>"; };
		0BF3D32628A11A770069CD28 /* Sw-Inter-Black.ttf */ = {isa = PBXFileReference; lastKnownFileType = file; path = "Sw-Inter-Black.ttf"; sourceTree = "<group>"; };
		0BF3D32728A11A770069CD28 /* Sw-Inter-ExtraLight.ttf */ = {isa = PBXFileReference; lastKnownFileType = file; path = "Sw-Inter-ExtraLight.ttf"; sourceTree = "<group>"; };
		0BF3D32828A11A770069CD28 /* Sw-Inter-SemiBold.ttf */ = {isa = PBXFileReference; lastKnownFileType = file; path = "Sw-Inter-SemiBold.ttf"; sourceTree = "<group>"; };
		0BF3D32928A11A770069CD28 /* Sw-Inter-Thin.ttf */ = {isa = PBXFileReference; lastKnownFileType = file; path = "Sw-Inter-Thin.ttf"; sourceTree = "<group>"; };
		0BF3D32A28A11A770069CD28 /* Sw-Inter-Light.ttf */ = {isa = PBXFileReference; lastKnownFileType = file; path = "Sw-Inter-Light.ttf"; sourceTree = "<group>"; };
		0BF3D32B28A11A770069CD28 /* Sw-Inter-Bold.ttf */ = {isa = PBXFileReference; lastKnownFileType = file; path = "Sw-Inter-Bold.ttf"; sourceTree = "<group>"; };
		0BF3D32C28A11A770069CD28 /* Sw-Inter-ExtraBold.ttf */ = {isa = PBXFileReference; lastKnownFileType = file; path = "Sw-Inter-ExtraBold.ttf"; sourceTree = "<group>"; };
		0BF3D32D28A11A770069CD28 /* Sw-Inter-Regular.ttf */ = {isa = PBXFileReference; lastKnownFileType = file; path = "Sw-Inter-Regular.ttf"; sourceTree = "<group>"; };
		0BFBAB2428C4FE6200ABCD67 /* RankingViewController.swift */ = {isa = PBXFileReference; lastKnownFileType = sourcecode.swift; path = RankingViewController.swift; sourceTree = "<group>"; };
		4E797A4398E744971DA5BE08 /* Pods-loginPageTests.debug.xcconfig */ = {isa = PBXFileReference; includeInIndex = 1; lastKnownFileType = text.xcconfig; name = "Pods-loginPageTests.debug.xcconfig"; path = "Target Support Files/Pods-loginPageTests/Pods-loginPageTests.debug.xcconfig"; sourceTree = "<group>"; };
		6EE83F837FAA7437880329F2 /* Pods-loginPage-loginPageUITests.release.xcconfig */ = {isa = PBXFileReference; includeInIndex = 1; lastKnownFileType = text.xcconfig; name = "Pods-loginPage-loginPageUITests.release.xcconfig"; path = "Target Support Files/Pods-loginPage-loginPageUITests/Pods-loginPage-loginPageUITests.release.xcconfig"; sourceTree = "<group>"; };
		9751F5B6E6593EBED3409731 /* Pods-loginPage-loginPageUITests.debug.xcconfig */ = {isa = PBXFileReference; includeInIndex = 1; lastKnownFileType = text.xcconfig; name = "Pods-loginPage-loginPageUITests.debug.xcconfig"; path = "Target Support Files/Pods-loginPage-loginPageUITests/Pods-loginPage-loginPageUITests.debug.xcconfig"; sourceTree = "<group>"; };
		B00BEB3CAFDBB01C305AEDE6 /* Pods-loginPageTests.release.xcconfig */ = {isa = PBXFileReference; includeInIndex = 1; lastKnownFileType = text.xcconfig; name = "Pods-loginPageTests.release.xcconfig"; path = "Target Support Files/Pods-loginPageTests/Pods-loginPageTests.release.xcconfig"; sourceTree = "<group>"; };
		C1D5A5CD42BADC36F9095AA5 /* Pods-loginPage.debug.xcconfig */ = {isa = PBXFileReference; includeInIndex = 1; lastKnownFileType = text.xcconfig; name = "Pods-loginPage.debug.xcconfig"; path = "Target Support Files/Pods-loginPage/Pods-loginPage.debug.xcconfig"; sourceTree = "<group>"; };
		C8A94F73631082DA0E97BC57 /* Pods-loginPage.release.xcconfig */ = {isa = PBXFileReference; includeInIndex = 1; lastKnownFileType = text.xcconfig; name = "Pods-loginPage.release.xcconfig"; path = "Target Support Files/Pods-loginPage/Pods-loginPage.release.xcconfig"; sourceTree = "<group>"; };
		CA681218B267D859333C456E /* Pods_loginPage_loginPageUITests.framework */ = {isa = PBXFileReference; explicitFileType = wrapper.framework; includeInIndex = 0; path = Pods_loginPage_loginPageUITests.framework; sourceTree = BUILT_PRODUCTS_DIR; };
		E8DBE04272132C5DA598BA9E /* Pods_loginPage.framework */ = {isa = PBXFileReference; explicitFileType = wrapper.framework; includeInIndex = 0; path = Pods_loginPage.framework; sourceTree = BUILT_PRODUCTS_DIR; };
		F3871B3177806CF509CE2BE9 /* Pods_loginPageTests.framework */ = {isa = PBXFileReference; explicitFileType = wrapper.framework; includeInIndex = 0; path = Pods_loginPageTests.framework; sourceTree = BUILT_PRODUCTS_DIR; };
/* End PBXFileReference section */

/* Begin PBXFrameworksBuildPhase section */
		0B3A6ACD288887CC0081F4D8 /* Frameworks */ = {
			isa = PBXFrameworksBuildPhase;
			buildActionMask = 2147483647;
			files = (
				0B4205CC28D34A2C008F3850 /* Kingfisher in Frameworks */,
				A80216DF0884FEB1F945AF0B /* Pods_loginPage.framework in Frameworks */,
			);
			runOnlyForDeploymentPostprocessing = 0;
		};
		0B3A6AE3288887CD0081F4D8 /* Frameworks */ = {
			isa = PBXFrameworksBuildPhase;
			buildActionMask = 2147483647;
			files = (
				6696A5D1F310C782AF5CCCEF /* Pods_loginPageTests.framework in Frameworks */,
			);
			runOnlyForDeploymentPostprocessing = 0;
		};
		0B3A6AED288887CD0081F4D8 /* Frameworks */ = {
			isa = PBXFrameworksBuildPhase;
			buildActionMask = 2147483647;
			files = (
				302A6793B0516C170583D39B /* Pods_loginPage_loginPageUITests.framework in Frameworks */,
			);
			runOnlyForDeploymentPostprocessing = 0;
		};
/* End PBXFrameworksBuildPhase section */

/* Begin PBXGroup section */
		0B3A6AC7288887CC0081F4D8 = {
			isa = PBXGroup;
			children = (
				0B3A6AD2288887CC0081F4D8 /* loginPage */,
				0B3A6AE9288887CD0081F4D8 /* loginPageTests */,
				0B3A6AF3288887CD0081F4D8 /* loginPageUITests */,
				0B3A6AD1288887CC0081F4D8 /* Products */,
				DF1DBEECA1FBB6EA557F675C /* Pods */,
				1E47B6956800DF0B42D9866D /* Frameworks */,
			);
			sourceTree = "<group>";
		};
		0B3A6AD1288887CC0081F4D8 /* Products */ = {
			isa = PBXGroup;
			children = (
				0B3A6AD0288887CC0081F4D8 /* loginPage.app */,
				0B3A6AE6288887CD0081F4D8 /* loginPageTests.xctest */,
				0B3A6AF0288887CD0081F4D8 /* loginPageUITests.xctest */,
			);
			name = Products;
			sourceTree = "<group>";
		};
		0B3A6AD2288887CC0081F4D8 /* loginPage */ = {
			isa = PBXGroup;
			children = (
				0BF2A3EE28CEC96800BDA84C /* Fonts */,
				0B3A6AD3288887CC0081F4D8 /* AppDelegate.swift */,
				0B3A6AD5288887CC0081F4D8 /* SceneDelegate.swift */,
				0B3A6AD7288887CC0081F4D8 /* StartViewController.swift */,
				0BF3D32328A0376B0069CD28 /* SignUpViewController.swift */,
				0BE2AECC289CB92200827A79 /* LoginViewController.swift */,
				0B1603EE28A3BC42008B6508 /* ResponseViewController.swift */,
				0BC6F19C28ACCE8A004917AB /* StreamingViewController.swift */,
				0BFBAB2428C4FE6200ABCD67 /* RankingViewController.swift */,
				0BF2A3F328CEE10D00BDA84C /* LiveCollectionViewCell.swift */,
				0BF2A3EF28CECFC500BDA84C /* CollectionViewCell.swift */,
				0B3A6ADC288887CC0081F4D8 /* Assets.xcassets */,
				0BF2A3F128CEE08800BDA84C /* LiveViewController.swift */,
				0B3A6AD9288887CC0081F4D8 /* Main.storyboard */,
				0B3A6ADE288887CC0081F4D8 /* LaunchScreen.storyboard */,
				0B3A6AE1288887CC0081F4D8 /* Info.plist */,
				0BC6F19A28ACC88F004917AB /* CustomTableViewCell.swift */,
				0BF2A3EC28CE10FC00BDA84C /* helper.swift */,
			);
			path = loginPage;
			sourceTree = "<group>";
		};
		0B3A6AE9288887CD0081F4D8 /* loginPageTests */ = {
			isa = PBXGroup;
			children = (
				0B3A6AEA288887CD0081F4D8 /* loginPageTests.swift */,
			);
			path = loginPageTests;
			sourceTree = "<group>";
		};
		0B3A6AF3288887CD0081F4D8 /* loginPageUITests */ = {
			isa = PBXGroup;
			children = (
				0B3A6AF4288887CD0081F4D8 /* loginPageUITests.swift */,
				0B3A6AF6288887CD0081F4D8 /* loginPageUITestsLaunchTests.swift */,
			);
			path = loginPageUITests;
			sourceTree = "<group>";
		};
		0BF2A3EE28CEC96800BDA84C /* Fonts */ = {
			isa = PBXGroup;
			children = (
				0B1603F228A3CA2C008B6508 /* Sw-Inder-Regular.ttf */,
				0BF3D32B28A11A770069CD28 /* Sw-Inter-Bold.ttf */,
				0BF3D32C28A11A770069CD28 /* Sw-Inter-ExtraBold.ttf */,
				0BF3D32628A11A770069CD28 /* Sw-Inter-Black.ttf */,
				0BF3D32728A11A770069CD28 /* Sw-Inter-ExtraLight.ttf */,
				0BCFAEE528B2B2CF00218CB5 /* Sw-Poppins-Medium.ttf */,
				0BCFAEE328B2B26200218CB5 /* Sw-Poppins-SemiBold.ttf */,
				0BCFAEE128B2B25700218CB5 /* Sw-Poppins-Regular.ttf */,
				0BCFAEDF28B2B12F00218CB5 /* Sw-Proxima-Nova.otf */,
				0BF3D32A28A11A770069CD28 /* Sw-Inter-Light.ttf */,
				0BF3D32528A11A770069CD28 /* Sw-Inter-Medium.ttf */,
				0BF3D32D28A11A770069CD28 /* Sw-Inter-Regular.ttf */,
				0BF3D32828A11A770069CD28 /* Sw-Inter-SemiBold.ttf */,
				0BF3D32928A11A770069CD28 /* Sw-Inter-Thin.ttf */,
			);
			path = Fonts;
			sourceTree = "<group>";
		};
		1E47B6956800DF0B42D9866D /* Frameworks */ = {
			isa = PBXGroup;
			children = (
				E8DBE04272132C5DA598BA9E /* Pods_loginPage.framework */,
				CA681218B267D859333C456E /* Pods_loginPage_loginPageUITests.framework */,
				F3871B3177806CF509CE2BE9 /* Pods_loginPageTests.framework */,
			);
			name = Frameworks;
			sourceTree = "<group>";
		};
		DF1DBEECA1FBB6EA557F675C /* Pods */ = {
			isa = PBXGroup;
			children = (
				C1D5A5CD42BADC36F9095AA5 /* Pods-loginPage.debug.xcconfig */,
				C8A94F73631082DA0E97BC57 /* Pods-loginPage.release.xcconfig */,
				9751F5B6E6593EBED3409731 /* Pods-loginPage-loginPageUITests.debug.xcconfig */,
				6EE83F837FAA7437880329F2 /* Pods-loginPage-loginPageUITests.release.xcconfig */,
				4E797A4398E744971DA5BE08 /* Pods-loginPageTests.debug.xcconfig */,
				B00BEB3CAFDBB01C305AEDE6 /* Pods-loginPageTests.release.xcconfig */,
			);
			path = Pods;
			sourceTree = "<group>";
		};
/* End PBXGroup section */

/* Begin PBXNativeTarget section */
		0B3A6ACF288887CC0081F4D8 /* loginPage */ = {
			isa = PBXNativeTarget;
			buildConfigurationList = 0B3A6AFA288887CD0081F4D8 /* Build configuration list for PBXNativeTarget "loginPage" */;
			buildPhases = (
				60A08DB8C2D35F416CBBF861 /* [CP] Check Pods Manifest.lock */,
				0B3A6ACC288887CC0081F4D8 /* Sources */,
				0B3A6ACD288887CC0081F4D8 /* Frameworks */,
				0B3A6ACE288887CC0081F4D8 /* Resources */,
				C74360BD0D05B3A140C06EAB /* [CP] Embed Pods Frameworks */,
			);
			buildRules = (
			);
			dependencies = (
			);
			name = loginPage;
			packageProductDependencies = (
				0B4205CB28D34A2C008F3850 /* Kingfisher */,
			);
			productName = loginPage;
			productReference = 0B3A6AD0288887CC0081F4D8 /* loginPage.app */;
			productType = "com.apple.product-type.application";
		};
		0B3A6AE5288887CD0081F4D8 /* loginPageTests */ = {
			isa = PBXNativeTarget;
			buildConfigurationList = 0B3A6AFD288887CD0081F4D8 /* Build configuration list for PBXNativeTarget "loginPageTests" */;
			buildPhases = (
				146B6EF83FAB2EFF77A9F3DB /* [CP] Check Pods Manifest.lock */,
				0B3A6AE2288887CD0081F4D8 /* Sources */,
				0B3A6AE3288887CD0081F4D8 /* Frameworks */,
				0B3A6AE4288887CD0081F4D8 /* Resources */,
			);
			buildRules = (
			);
			dependencies = (
				0B3A6AE8288887CD0081F4D8 /* PBXTargetDependency */,
			);
			name = loginPageTests;
			productName = loginPageTests;
			productReference = 0B3A6AE6288887CD0081F4D8 /* loginPageTests.xctest */;
			productType = "com.apple.product-type.bundle.unit-test";
		};
		0B3A6AEF288887CD0081F4D8 /* loginPageUITests */ = {
			isa = PBXNativeTarget;
			buildConfigurationList = 0B3A6B00288887CD0081F4D8 /* Build configuration list for PBXNativeTarget "loginPageUITests" */;
			buildPhases = (
				BBC7CE3838697A54309D3A45 /* [CP] Check Pods Manifest.lock */,
				0B3A6AEC288887CD0081F4D8 /* Sources */,
				0B3A6AED288887CD0081F4D8 /* Frameworks */,
				0B3A6AEE288887CD0081F4D8 /* Resources */,
				3256397317F19128B1243285 /* [CP] Embed Pods Frameworks */,
			);
			buildRules = (
			);
			dependencies = (
				0B3A6AF2288887CD0081F4D8 /* PBXTargetDependency */,
			);
			name = loginPageUITests;
			productName = loginPageUITests;
			productReference = 0B3A6AF0288887CD0081F4D8 /* loginPageUITests.xctest */;
			productType = "com.apple.product-type.bundle.ui-testing";
		};
/* End PBXNativeTarget section */

/* Begin PBXProject section */
		0B3A6AC8288887CC0081F4D8 /* Project object */ = {
			isa = PBXProject;
			attributes = {
				BuildIndependentTargetsInParallel = 1;
				LastSwiftUpdateCheck = 1340;
				LastUpgradeCheck = 1340;
				TargetAttributes = {
					0B3A6ACF288887CC0081F4D8 = {
						CreatedOnToolsVersion = 13.4.1;
					};
					0B3A6AE5288887CD0081F4D8 = {
						CreatedOnToolsVersion = 13.4.1;
						TestTargetID = 0B3A6ACF288887CC0081F4D8;
					};
					0B3A6AEF288887CD0081F4D8 = {
						CreatedOnToolsVersion = 13.4.1;
						TestTargetID = 0B3A6ACF288887CC0081F4D8;
					};
				};
			};
			buildConfigurationList = 0B3A6ACB288887CC0081F4D8 /* Build configuration list for PBXProject "loginPage" */;
			compatibilityVersion = "Xcode 13.0";
			developmentRegion = en;
			hasScannedForEncodings = 0;
			knownRegions = (
				en,
				Base,
			);
			mainGroup = 0B3A6AC7288887CC0081F4D8;
			packageReferences = (
				0B4205CA28D34A2C008F3850 /* XCRemoteSwiftPackageReference "Kingfisher" */,
			);
			productRefGroup = 0B3A6AD1288887CC0081F4D8 /* Products */;
			projectDirPath = "";
			projectRoot = "";
			targets = (
				0B3A6ACF288887CC0081F4D8 /* loginPage */,
				0B3A6AE5288887CD0081F4D8 /* loginPageTests */,
				0B3A6AEF288887CD0081F4D8 /* loginPageUITests */,
			);
		};
/* End PBXProject section */

/* Begin PBXResourcesBuildPhase section */
		0B3A6ACE288887CC0081F4D8 /* Resources */ = {
			isa = PBXResourcesBuildPhase;
			buildActionMask = 2147483647;
			files = (
				0BF3D32F28A11A770069CD28 /* Sw-Inter-Black.ttf in Resources */,
				0B3A6AE0288887CC0081F4D8 /* LaunchScreen.storyboard in Resources */,
				0B3A6ADD288887CC0081F4D8 /* Assets.xcassets in Resources */,
				0BCFAEE028B2B12F00218CB5 /* Sw-Proxima-Nova.otf in Resources */,
				0BCFAEE428B2B26200218CB5 /* Sw-Poppins-SemiBold.ttf in Resources */,
				0BF3D33328A11A770069CD28 /* Sw-Inter-Light.ttf in Resources */,
				0BF3D33628A11A770069CD28 /* Sw-Inter-Regular.ttf in Resources */,
				0BF3D33128A11A770069CD28 /* Sw-Inter-SemiBold.ttf in Resources */,
				0BCFAEE228B2B25700218CB5 /* Sw-Poppins-Regular.ttf in Resources */,
				0BF3D32E28A11A770069CD28 /* Sw-Inter-Medium.ttf in Resources */,
				0BF3D33428A11A770069CD28 /* Sw-Inter-Bold.ttf in Resources */,
				0BF3D33528A11A770069CD28 /* Sw-Inter-ExtraBold.ttf in Resources */,
				0B3A6ADB288887CC0081F4D8 /* Main.storyboard in Resources */,
				0BF3D33228A11A770069CD28 /* Sw-Inter-Thin.ttf in Resources */,
				0BF3D33028A11A770069CD28 /* Sw-Inter-ExtraLight.ttf in Resources */,
				0BCFAEE628B2B2CF00218CB5 /* Sw-Poppins-Medium.ttf in Resources */,
			);
			runOnlyForDeploymentPostprocessing = 0;
		};
		0B3A6AE4288887CD0081F4D8 /* Resources */ = {
			isa = PBXResourcesBuildPhase;
			buildActionMask = 2147483647;
			files = (
			);
			runOnlyForDeploymentPostprocessing = 0;
		};
		0B3A6AEE288887CD0081F4D8 /* Resources */ = {
			isa = PBXResourcesBuildPhase;
			buildActionMask = 2147483647;
			files = (
			);
			runOnlyForDeploymentPostprocessing = 0;
		};
/* End PBXResourcesBuildPhase section */

/* Begin PBXShellScriptBuildPhase section */
		146B6EF83FAB2EFF77A9F3DB /* [CP] Check Pods Manifest.lock */ = {
			isa = PBXShellScriptBuildPhase;
			buildActionMask = 2147483647;
			files = (
			);
			inputFileListPaths = (
			);
			inputPaths = (
				"${PODS_PODFILE_DIR_PATH}/Podfile.lock",
				"${PODS_ROOT}/Manifest.lock",
			);
			name = "[CP] Check Pods Manifest.lock";
			outputFileListPaths = (
			);
			outputPaths = (
				"$(DERIVED_FILE_DIR)/Pods-loginPageTests-checkManifestLockResult.txt",
			);
			runOnlyForDeploymentPostprocessing = 0;
			shellPath = /bin/sh;
			shellScript = "diff \"${PODS_PODFILE_DIR_PATH}/Podfile.lock\" \"${PODS_ROOT}/Manifest.lock\" > /dev/null\nif [ $? != 0 ] ; then\n    # print error to STDERR\n    echo \"error: The sandbox is not in sync with the Podfile.lock. Run 'pod install' or update your CocoaPods installation.\" >&2\n    exit 1\nfi\n# This output is used by Xcode 'outputs' to avoid re-running this script phase.\necho \"SUCCESS\" > \"${SCRIPT_OUTPUT_FILE_0}\"\n";
			showEnvVarsInLog = 0;
		};
		3256397317F19128B1243285 /* [CP] Embed Pods Frameworks */ = {
			isa = PBXShellScriptBuildPhase;
			buildActionMask = 2147483647;
			files = (
			);
			inputFileListPaths = (
				"${PODS_ROOT}/Target Support Files/Pods-loginPage-loginPageUITests/Pods-loginPage-loginPageUITests-frameworks-${CONFIGURATION}-input-files.xcfilelist",
			);
			name = "[CP] Embed Pods Frameworks";
			outputFileListPaths = (
				"${PODS_ROOT}/Target Support Files/Pods-loginPage-loginPageUITests/Pods-loginPage-loginPageUITests-frameworks-${CONFIGURATION}-output-files.xcfilelist",
			);
			runOnlyForDeploymentPostprocessing = 0;
			shellPath = /bin/sh;
			shellScript = "\"${PODS_ROOT}/Target Support Files/Pods-loginPage-loginPageUITests/Pods-loginPage-loginPageUITests-frameworks.sh\"\n";
			showEnvVarsInLog = 0;
		};
		60A08DB8C2D35F416CBBF861 /* [CP] Check Pods Manifest.lock */ = {
			isa = PBXShellScriptBuildPhase;
			buildActionMask = 2147483647;
			files = (
			);
			inputFileListPaths = (
			);
			inputPaths = (
				"${PODS_PODFILE_DIR_PATH}/Podfile.lock",
				"${PODS_ROOT}/Manifest.lock",
			);
			name = "[CP] Check Pods Manifest.lock";
			outputFileListPaths = (
			);
			outputPaths = (
				"$(DERIVED_FILE_DIR)/Pods-loginPage-checkManifestLockResult.txt",
			);
			runOnlyForDeploymentPostprocessing = 0;
			shellPath = /bin/sh;
			shellScript = "diff \"${PODS_PODFILE_DIR_PATH}/Podfile.lock\" \"${PODS_ROOT}/Manifest.lock\" > /dev/null\nif [ $? != 0 ] ; then\n    # print error to STDERR\n    echo \"error: The sandbox is not in sync with the Podfile.lock. Run 'pod install' or update your CocoaPods installation.\" >&2\n    exit 1\nfi\n# This output is used by Xcode 'outputs' to avoid re-running this script phase.\necho \"SUCCESS\" > \"${SCRIPT_OUTPUT_FILE_0}\"\n";
			showEnvVarsInLog = 0;
		};
		BBC7CE3838697A54309D3A45 /* [CP] Check Pods Manifest.lock */ = {
			isa = PBXShellScriptBuildPhase;
			buildActionMask = 2147483647;
			files = (
			);
			inputFileListPaths = (
			);
			inputPaths = (
				"${PODS_PODFILE_DIR_PATH}/Podfile.lock",
				"${PODS_ROOT}/Manifest.lock",
			);
			name = "[CP] Check Pods Manifest.lock";
			outputFileListPaths = (
			);
			outputPaths = (
				"$(DERIVED_FILE_DIR)/Pods-loginPage-loginPageUITests-checkManifestLockResult.txt",
			);
			runOnlyForDeploymentPostprocessing = 0;
			shellPath = /bin/sh;
			shellScript = "diff \"${PODS_PODFILE_DIR_PATH}/Podfile.lock\" \"${PODS_ROOT}/Manifest.lock\" > /dev/null\nif [ $? != 0 ] ; then\n    # print error to STDERR\n    echo \"error: The sandbox is not in sync with the Podfile.lock. Run 'pod install' or update your CocoaPods installation.\" >&2\n    exit 1\nfi\n# This output is used by Xcode 'outputs' to avoid re-running this script phase.\necho \"SUCCESS\" > \"${SCRIPT_OUTPUT_FILE_0}\"\n";
			showEnvVarsInLog = 0;
		};
		C74360BD0D05B3A140C06EAB /* [CP] Embed Pods Frameworks */ = {
			isa = PBXShellScriptBuildPhase;
			buildActionMask = 2147483647;
			files = (
			);
			inputFileListPaths = (
				"${PODS_ROOT}/Target Support Files/Pods-loginPage/Pods-loginPage-frameworks-${CONFIGURATION}-input-files.xcfilelist",
			);
			name = "[CP] Embed Pods Frameworks";
			outputFileListPaths = (
				"${PODS_ROOT}/Target Support Files/Pods-loginPage/Pods-loginPage-frameworks-${CONFIGURATION}-output-files.xcfilelist",
			);
			runOnlyForDeploymentPostprocessing = 0;
			shellPath = /bin/sh;
			shellScript = "\"${PODS_ROOT}/Target Support Files/Pods-loginPage/Pods-loginPage-frameworks.sh\"\n";
			showEnvVarsInLog = 0;
		};
/* End PBXShellScriptBuildPhase section */

/* Begin PBXSourcesBuildPhase section */
		0B3A6ACC288887CC0081F4D8 /* Sources */ = {
			isa = PBXSourcesBuildPhase;
			buildActionMask = 2147483647;
			files = (
				0BF3D32428A0376B0069CD28 /* SignUpViewController.swift in Sources */,
				0BC6F19D28ACCE8A004917AB /* StreamingViewController.swift in Sources */,
				0B1603EF28A3BC42008B6508 /* ResponseViewController.swift in Sources */,
				0BF2A3ED28CE10FC00BDA84C /* helper.swift in Sources */,
				0BC6F19B28ACC88F004917AB /* CustomTableViewCell.swift in Sources */,
				0BF2A3F428CEE10D00BDA84C /* LiveCollectionViewCell.swift in Sources */,
				0BE2AECD289CB92200827A79 /* LoginViewController.swift in Sources */,
				0B3A6AD8288887CC0081F4D8 /* StartViewController.swift in Sources */,
				0B3A6AD6288887CC0081F4D8 /* SceneDelegate.swift in Sources */,
				0BCF2498289D155E00CD99B8 /* AppDelegate.swift in Sources */,
				0BFBAB2528C4FE6200ABCD67 /* RankingViewController.swift in Sources */,
				0BF2A3F228CEE08800BDA84C /* LiveViewController.swift in Sources */,
				0BF2A3F028CECFC500BDA84C /* CollectionViewCell.swift in Sources */,
			);
			runOnlyForDeploymentPostprocessing = 0;
		};
		0B3A6AE2288887CD0081F4D8 /* Sources */ = {
			isa = PBXSourcesBuildPhase;
			buildActionMask = 2147483647;
			files = (
				0B3A6AEB288887CD0081F4D8 /* loginPageTests.swift in Sources */,
			);
			runOnlyForDeploymentPostprocessing = 0;
		};
		0B3A6AEC288887CD0081F4D8 /* Sources */ = {
			isa = PBXSourcesBuildPhase;
			buildActionMask = 2147483647;
			files = (
				0B3A6AF5288887CD0081F4D8 /* loginPageUITests.swift in Sources */,
				0B3A6AF7288887CD0081F4D8 /* loginPageUITestsLaunchTests.swift in Sources */,
			);
			runOnlyForDeploymentPostprocessing = 0;
		};
/* End PBXSourcesBuildPhase section */

/* Begin PBXTargetDependency section */
		0B3A6AE8288887CD0081F4D8 /* PBXTargetDependency */ = {
			isa = PBXTargetDependency;
			target = 0B3A6ACF288887CC0081F4D8 /* loginPage */;
			targetProxy = 0B3A6AE7288887CD0081F4D8 /* PBXContainerItemProxy */;
		};
		0B3A6AF2288887CD0081F4D8 /* PBXTargetDependency */ = {
			isa = PBXTargetDependency;
			target = 0B3A6ACF288887CC0081F4D8 /* loginPage */;
			targetProxy = 0B3A6AF1288887CD0081F4D8 /* PBXContainerItemProxy */;
		};
/* End PBXTargetDependency section */

/* Begin PBXVariantGroup section */
		0B3A6AD9288887CC0081F4D8 /* Main.storyboard */ = {
			isa = PBXVariantGroup;
			children = (
				0B3A6ADA288887CC0081F4D8 /* Base */,
			);
			name = Main.storyboard;
			sourceTree = "<group>";
		};
		0B3A6ADE288887CC0081F4D8 /* LaunchScreen.storyboard */ = {
			isa = PBXVariantGroup;
			children = (
				0B3A6ADF288887CC0081F4D8 /* Base */,
			);
			name = LaunchScreen.storyboard;
			sourceTree = "<group>";
		};
/* End PBXVariantGroup section */

/* Begin XCBuildConfiguration section */
		0B3A6AF8288887CD0081F4D8 /* Debug */ = {
			isa = XCBuildConfiguration;
			buildSettings = {
				ALWAYS_SEARCH_USER_PATHS = NO;
				CLANG_ANALYZER_NONNULL = YES;
				CLANG_ANALYZER_NUMBER_OBJECT_CONVERSION = YES_AGGRESSIVE;
				CLANG_CXX_LANGUAGE_STANDARD = "gnu++17";
				CLANG_ENABLE_MODULES = YES;
				CLANG_ENABLE_OBJC_ARC = YES;
				CLANG_ENABLE_OBJC_WEAK = YES;
				CLANG_WARN_BLOCK_CAPTURE_AUTORELEASING = YES;
				CLANG_WARN_BOOL_CONVERSION = YES;
				CLANG_WARN_COMMA = YES;
				CLANG_WARN_CONSTANT_CONVERSION = YES;
				CLANG_WARN_DEPRECATED_OBJC_IMPLEMENTATIONS = YES;
				CLANG_WARN_DIRECT_OBJC_ISA_USAGE = YES_ERROR;
				CLANG_WARN_DOCUMENTATION_COMMENTS = YES;
				CLANG_WARN_EMPTY_BODY = YES;
				CLANG_WARN_ENUM_CONVERSION = YES;
				CLANG_WARN_INFINITE_RECURSION = YES;
				CLANG_WARN_INT_CONVERSION = YES;
				CLANG_WARN_NON_LITERAL_NULL_CONVERSION = YES;
				CLANG_WARN_OBJC_IMPLICIT_RETAIN_SELF = YES;
				CLANG_WARN_OBJC_LITERAL_CONVERSION = YES;
				CLANG_WARN_OBJC_ROOT_CLASS = YES_ERROR;
				CLANG_WARN_QUOTED_INCLUDE_IN_FRAMEWORK_HEADER = YES;
				CLANG_WARN_RANGE_LOOP_ANALYSIS = YES;
				CLANG_WARN_STRICT_PROTOTYPES = YES;
				CLANG_WARN_SUSPICIOUS_MOVE = YES;
				CLANG_WARN_UNGUARDED_AVAILABILITY = YES_AGGRESSIVE;
				CLANG_WARN_UNREACHABLE_CODE = YES;
				CLANG_WARN__DUPLICATE_METHOD_MATCH = YES;
				COPY_PHASE_STRIP = NO;
				DEBUG_INFORMATION_FORMAT = dwarf;
				ENABLE_STRICT_OBJC_MSGSEND = YES;
				ENABLE_TESTABILITY = YES;
				GCC_C_LANGUAGE_STANDARD = gnu11;
				GCC_DYNAMIC_NO_PIC = NO;
				GCC_NO_COMMON_BLOCKS = YES;
				GCC_OPTIMIZATION_LEVEL = 0;
				GCC_PREPROCESSOR_DEFINITIONS = (
					"DEBUG=1",
					"$(inherited)",
				);
				GCC_WARN_64_TO_32_BIT_CONVERSION = YES;
				GCC_WARN_ABOUT_RETURN_TYPE = YES_ERROR;
				GCC_WARN_UNDECLARED_SELECTOR = YES;
				GCC_WARN_UNINITIALIZED_AUTOS = YES_AGGRESSIVE;
				GCC_WARN_UNUSED_FUNCTION = YES;
				GCC_WARN_UNUSED_VARIABLE = YES;
				IPHONEOS_DEPLOYMENT_TARGET = 15.5;
				MTL_ENABLE_DEBUG_INFO = INCLUDE_SOURCE;
				MTL_FAST_MATH = YES;
				ONLY_ACTIVE_ARCH = YES;
				SDKROOT = iphoneos;
				SWIFT_ACTIVE_COMPILATION_CONDITIONS = DEBUG;
				SWIFT_OPTIMIZATION_LEVEL = "-Onone";
			};
			name = Debug;
		};
		0B3A6AF9288887CD0081F4D8 /* Release */ = {
			isa = XCBuildConfiguration;
			buildSettings = {
				ALWAYS_SEARCH_USER_PATHS = NO;
				CLANG_ANALYZER_NONNULL = YES;
				CLANG_ANALYZER_NUMBER_OBJECT_CONVERSION = YES_AGGRESSIVE;
				CLANG_CXX_LANGUAGE_STANDARD = "gnu++17";
				CLANG_ENABLE_MODULES = YES;
				CLANG_ENABLE_OBJC_ARC = YES;
				CLANG_ENABLE_OBJC_WEAK = YES;
				CLANG_WARN_BLOCK_CAPTURE_AUTORELEASING = YES;
				CLANG_WARN_BOOL_CONVERSION = YES;
				CLANG_WARN_COMMA = YES;
				CLANG_WARN_CONSTANT_CONVERSION = YES;
				CLANG_WARN_DEPRECATED_OBJC_IMPLEMENTATIONS = YES;
				CLANG_WARN_DIRECT_OBJC_ISA_USAGE = YES_ERROR;
				CLANG_WARN_DOCUMENTATION_COMMENTS = YES;
				CLANG_WARN_EMPTY_BODY = YES;
				CLANG_WARN_ENUM_CONVERSION = YES;
				CLANG_WARN_INFINITE_RECURSION = YES;
				CLANG_WARN_INT_CONVERSION = YES;
				CLANG_WARN_NON_LITERAL_NULL_CONVERSION = YES;
				CLANG_WARN_OBJC_IMPLICIT_RETAIN_SELF = YES;
				CLANG_WARN_OBJC_LITERAL_CONVERSION = YES;
				CLANG_WARN_OBJC_ROOT_CLASS = YES_ERROR;
				CLANG_WARN_QUOTED_INCLUDE_IN_FRAMEWORK_HEADER = YES;
				CLANG_WARN_RANGE_LOOP_ANALYSIS = YES;
				CLANG_WARN_STRICT_PROTOTYPES = YES;
				CLANG_WARN_SUSPICIOUS_MOVE = YES;
				CLANG_WARN_UNGUARDED_AVAILABILITY = YES_AGGRESSIVE;
				CLANG_WARN_UNREACHABLE_CODE = YES;
				CLANG_WARN__DUPLICATE_METHOD_MATCH = YES;
				COPY_PHASE_STRIP = NO;
				DEBUG_INFORMATION_FORMAT = "dwarf-with-dsym";
				ENABLE_NS_ASSERTIONS = NO;
				ENABLE_STRICT_OBJC_MSGSEND = YES;
				GCC_C_LANGUAGE_STANDARD = gnu11;
				GCC_NO_COMMON_BLOCKS = YES;
				GCC_WARN_64_TO_32_BIT_CONVERSION = YES;
				GCC_WARN_ABOUT_RETURN_TYPE = YES_ERROR;
				GCC_WARN_UNDECLARED_SELECTOR = YES;
				GCC_WARN_UNINITIALIZED_AUTOS = YES_AGGRESSIVE;
				GCC_WARN_UNUSED_FUNCTION = YES;
				GCC_WARN_UNUSED_VARIABLE = YES;
				IPHONEOS_DEPLOYMENT_TARGET = 15.5;
				MTL_ENABLE_DEBUG_INFO = NO;
				MTL_FAST_MATH = YES;
				SDKROOT = iphoneos;
				SWIFT_COMPILATION_MODE = wholemodule;
				SWIFT_OPTIMIZATION_LEVEL = "-O";
				VALIDATE_PRODUCT = YES;
			};
			name = Release;
		};
		0B3A6AFB288887CD0081F4D8 /* Debug */ = {
			isa = XCBuildConfiguration;
			baseConfigurationReference = C1D5A5CD42BADC36F9095AA5 /* Pods-loginPage.debug.xcconfig */;
			buildSettings = {
				ASSETCATALOG_COMPILER_APPICON_NAME = AppIcon;
				ASSETCATALOG_COMPILER_GLOBAL_ACCENT_COLOR_NAME = AccentColor;
				CODE_SIGN_STYLE = Automatic;
				CURRENT_PROJECT_VERSION = 1;
				DEVELOPMENT_TEAM = 3CSJVBZZAV;
				GENERATE_INFOPLIST_FILE = YES;
				INFOPLIST_FILE = loginPage/Info.plist;
				INFOPLIST_KEY_UIApplicationSupportsIndirectInputEvents = YES;
				INFOPLIST_KEY_UILaunchStoryboardName = LaunchScreen;
				INFOPLIST_KEY_UIMainStoryboardFile = Main;
				INFOPLIST_KEY_UISupportedInterfaceOrientations = "UIInterfaceOrientationLandscapeLeft UIInterfaceOrientationLandscapeRight UIInterfaceOrientationPortrait";
				INFOPLIST_KEY_UISupportedInterfaceOrientations_iPad = "UIInterfaceOrientationPortrait UIInterfaceOrientationPortraitUpsideDown UIInterfaceOrientationLandscapeLeft UIInterfaceOrientationLandscapeRight";
				INFOPLIST_KEY_UISupportedInterfaceOrientations_iPhone = "UIInterfaceOrientationPortrait UIInterfaceOrientationLandscapeLeft UIInterfaceOrientationLandscapeRight";
				LD_RUNPATH_SEARCH_PATHS = (
					"$(inherited)",
					"@executable_path/Frameworks",
				);
				MARKETING_VERSION = 1.0;
				PRODUCT_BUNDLE_IDENTIFIER = com.puye.loginPage;
				PRODUCT_NAME = "$(TARGET_NAME)";
				SWIFT_EMIT_LOC_STRINGS = YES;
				SWIFT_VERSION = 5.0;
				TARGETED_DEVICE_FAMILY = "1,2";
			};
			name = Debug;
		};
		0B3A6AFC288887CD0081F4D8 /* Release */ = {
			isa = XCBuildConfiguration;
			baseConfigurationReference = C8A94F73631082DA0E97BC57 /* Pods-loginPage.release.xcconfig */;
			buildSettings = {
				ASSETCATALOG_COMPILER_APPICON_NAME = AppIcon;
				ASSETCATALOG_COMPILER_GLOBAL_ACCENT_COLOR_NAME = AccentColor;
				CODE_SIGN_STYLE = Automatic;
				CURRENT_PROJECT_VERSION = 1;
				DEVELOPMENT_TEAM = 3CSJVBZZAV;
				GENERATE_INFOPLIST_FILE = YES;
				INFOPLIST_FILE = loginPage/Info.plist;
				INFOPLIST_KEY_UIApplicationSupportsIndirectInputEvents = YES;
				INFOPLIST_KEY_UILaunchStoryboardName = LaunchScreen;
				INFOPLIST_KEY_UIMainStoryboardFile = Main;
				INFOPLIST_KEY_UISupportedInterfaceOrientations = "UIInterfaceOrientationLandscapeLeft UIInterfaceOrientationLandscapeRight UIInterfaceOrientationPortrait";
				INFOPLIST_KEY_UISupportedInterfaceOrientations_iPad = "UIInterfaceOrientationPortrait UIInterfaceOrientationPortraitUpsideDown UIInterfaceOrientationLandscapeLeft UIInterfaceOrientationLandscapeRight";
				INFOPLIST_KEY_UISupportedInterfaceOrientations_iPhone = "UIInterfaceOrientationPortrait UIInterfaceOrientationLandscapeLeft UIInterfaceOrientationLandscapeRight";
				LD_RUNPATH_SEARCH_PATHS = (
					"$(inherited)",
					"@executable_path/Frameworks",
				);
				MARKETING_VERSION = 1.0;
				PRODUCT_BUNDLE_IDENTIFIER = com.puye.loginPage;
				PRODUCT_NAME = "$(TARGET_NAME)";
				SWIFT_EMIT_LOC_STRINGS = YES;
				SWIFT_VERSION = 5.0;
				TARGETED_DEVICE_FAMILY = "1,2";
			};
			name = Release;
		};
		0B3A6AFE288887CD0081F4D8 /* Debug */ = {
			isa = XCBuildConfiguration;
			baseConfigurationReference = 4E797A4398E744971DA5BE08 /* Pods-loginPageTests.debug.xcconfig */;
			buildSettings = {
				ALWAYS_EMBED_SWIFT_STANDARD_LIBRARIES = YES;
				BUNDLE_LOADER = "$(TEST_HOST)";
				CODE_SIGN_STYLE = Automatic;
				CURRENT_PROJECT_VERSION = 1;
				DEVELOPMENT_TEAM = 3CSJVBZZAV;
				GENERATE_INFOPLIST_FILE = YES;
				IPHONEOS_DEPLOYMENT_TARGET = 15.5;
				MARKETING_VERSION = 1.0;
				PRODUCT_BUNDLE_IDENTIFIER = com.puye.loginPageTests;
				PRODUCT_NAME = "$(TARGET_NAME)";
				SWIFT_EMIT_LOC_STRINGS = NO;
				SWIFT_VERSION = 5.0;
				TARGETED_DEVICE_FAMILY = "1,2";
				TEST_HOST = "$(BUILT_PRODUCTS_DIR)/loginPage.app/loginPage";
			};
			name = Debug;
		};
		0B3A6AFF288887CD0081F4D8 /* Release */ = {
			isa = XCBuildConfiguration;
			baseConfigurationReference = B00BEB3CAFDBB01C305AEDE6 /* Pods-loginPageTests.release.xcconfig */;
			buildSettings = {
				ALWAYS_EMBED_SWIFT_STANDARD_LIBRARIES = YES;
				BUNDLE_LOADER = "$(TEST_HOST)";
				CODE_SIGN_STYLE = Automatic;
				CURRENT_PROJECT_VERSION = 1;
				DEVELOPMENT_TEAM = 3CSJVBZZAV;
				GENERATE_INFOPLIST_FILE = YES;
				IPHONEOS_DEPLOYMENT_TARGET = 15.5;
				MARKETING_VERSION = 1.0;
				PRODUCT_BUNDLE_IDENTIFIER = com.puye.loginPageTests;
				PRODUCT_NAME = "$(TARGET_NAME)";
				SWIFT_EMIT_LOC_STRINGS = NO;
				SWIFT_VERSION = 5.0;
				TARGETED_DEVICE_FAMILY = "1,2";
				TEST_HOST = "$(BUILT_PRODUCTS_DIR)/loginPage.app/loginPage";
			};
			name = Release;
		};
		0B3A6B01288887CD0081F4D8 /* Debug */ = {
			isa = XCBuildConfiguration;
			baseConfigurationReference = 9751F5B6E6593EBED3409731 /* Pods-loginPage-loginPageUITests.debug.xcconfig */;
			buildSettings = {
				ALWAYS_EMBED_SWIFT_STANDARD_LIBRARIES = YES;
				CODE_SIGN_STYLE = Automatic;
				CURRENT_PROJECT_VERSION = 1;
				DEVELOPMENT_TEAM = 3CSJVBZZAV;
				GENERATE_INFOPLIST_FILE = YES;
				MARKETING_VERSION = 1.0;
				PRODUCT_BUNDLE_IDENTIFIER = com.puye.loginPageUITests;
				PRODUCT_NAME = "$(TARGET_NAME)";
				SWIFT_EMIT_LOC_STRINGS = NO;
				SWIFT_VERSION = 5.0;
				TARGETED_DEVICE_FAMILY = "1,2";
				TEST_TARGET_NAME = loginPage;
			};
			name = Debug;
		};
		0B3A6B02288887CD0081F4D8 /* Release */ = {
			isa = XCBuildConfiguration;
			baseConfigurationReference = 6EE83F837FAA7437880329F2 /* Pods-loginPage-loginPageUITests.release.xcconfig */;
			buildSettings = {
				ALWAYS_EMBED_SWIFT_STANDARD_LIBRARIES = YES;
				CODE_SIGN_STYLE = Automatic;
				CURRENT_PROJECT_VERSION = 1;
				DEVELOPMENT_TEAM = 3CSJVBZZAV;
				GENERATE_INFOPLIST_FILE = YES;
				MARKETING_VERSION = 1.0;
				PRODUCT_BUNDLE_IDENTIFIER = com.puye.loginPageUITests;
				PRODUCT_NAME = "$(TARGET_NAME)";
				SWIFT_EMIT_LOC_STRINGS = NO;
				SWIFT_VERSION = 5.0;
				TARGETED_DEVICE_FAMILY = "1,2";
				TEST_TARGET_NAME = loginPage;
			};
			name = Release;
		};
/* End XCBuildConfiguration section */

/* Begin XCConfigurationList section */
		0B3A6ACB288887CC0081F4D8 /* Build configuration list for PBXProject "loginPage" */ = {
			isa = XCConfigurationList;
			buildConfigurations = (
				0B3A6AF8288887CD0081F4D8 /* Debug */,
				0B3A6AF9288887CD0081F4D8 /* Release */,
			);
			defaultConfigurationIsVisible = 0;
			defaultConfigurationName = Release;
		};
		0B3A6AFA288887CD0081F4D8 /* Build configuration list for PBXNativeTarget "loginPage" */ = {
			isa = XCConfigurationList;
			buildConfigurations = (
				0B3A6AFB288887CD0081F4D8 /* Debug */,
				0B3A6AFC288887CD0081F4D8 /* Release */,
			);
			defaultConfigurationIsVisible = 0;
			defaultConfigurationName = Release;
		};
		0B3A6AFD288887CD0081F4D8 /* Build configuration list for PBXNativeTarget "loginPageTests" */ = {
			isa = XCConfigurationList;
			buildConfigurations = (
				0B3A6AFE288887CD0081F4D8 /* Debug */,
				0B3A6AFF288887CD0081F4D8 /* Release */,
			);
			defaultConfigurationIsVisible = 0;
			defaultConfigurationName = Release;
		};
		0B3A6B00288887CD0081F4D8 /* Build configuration list for PBXNativeTarget "loginPageUITests" */ = {
			isa = XCConfigurationList;
			buildConfigurations = (
				0B3A6B01288887CD0081F4D8 /* Debug */,
				0B3A6B02288887CD0081F4D8 /* Release */,
			);
			defaultConfigurationIsVisible = 0;
			defaultConfigurationName = Release;
		};
/* End XCConfigurationList section */

/* Begin XCRemoteSwiftPackageReference section */
		0B4205CA28D34A2C008F3850 /* XCRemoteSwiftPackageReference "Kingfisher" */ = {
			isa = XCRemoteSwiftPackageReference;
			repositoryURL = "https://github.com/onevcat/Kingfisher.git";
			requirement = {
				branch = master;
				kind = branch;
			};
		};
/* End XCRemoteSwiftPackageReference section */

/* Begin XCSwiftPackageProductDependency section */
		0B4205CB28D34A2C008F3850 /* Kingfisher */ = {
			isa = XCSwiftPackageProductDependency;
			package = 0B4205CA28D34A2C008F3850 /* XCRemoteSwiftPackageReference "Kingfisher" */;
			productName = Kingfisher;
		};
/* End XCSwiftPackageProductDependency section */
	};
	rootObject = 0B3A6AC8288887CC0081F4D8 /* Project object */;
}
